# THIS IS AN AUTOGENERATED FILE. DO NOT EDIT THIS FILE DIRECTLY.
# yarn lockfile v1


fs-extra@^11.3.2:
  version "11.3.2"
  resolved "https://registry.yarnpkg.com/fs-extra/-/fs-extra-11.3.2.tgz#c838aeddc6f4a8c74dd15f85e11fe5511bfe02a4"
  integrity sha512-Xr9F6z6up6Ws+NjzMCZc6WXg2YFRlrLP9NQDO3VQrWrfiojdhS56TzueT88ze0uBdCTwEIhQ3ptnmKeWGFAe0A==
  dependencies:
    graceful-fs "^4.2.0"
    jsonfile "^6.0.1"
    universalify "^2.0.0"

fsevents@2.3.2:
  version "2.3.2"
  resolved "https://registry.yarnpkg.com/fsevents/-/fsevents-2.3.2.tgz#8a526f78b8fdf4623b709e0b975c52c24c02fd1a"
  integrity sha512-xiqMQR4xAeHTuB9uWm+fFRcIOgKBMiOBP+eXiyT7jsgVCq1bkVygt00oASowB7EdtpOHaaPgKt812P9ab+DDKA==

graceful-fs@^4.1.6, graceful-fs@^4.2.0:
  version "4.2.11"
  resolved "https://registry.yarnpkg.com/graceful-fs/-/graceful-fs-4.2.11.tgz#4183e4e8bf08bb6e05bbb2f7d2e0c8f712ca40e3"
  integrity sha512-RbJ5/jmFcNNCcDV5o9eTnBLJ/HszWV0P73bc+Ff4nS/rJj+YaS6IGyiOL0VoBYX+l1Wrl3k63h/KrH+nhJ0XvQ==

jsonfile@^6.0.1:
  version "6.2.0"
  resolved "https://registry.yarnpkg.com/jsonfile/-/jsonfile-6.2.0.tgz#7c265bd1b65de6977478300087c99f1c84383f62"
  integrity sha512-FGuPw30AdOIUTRMC2OMRtQV+jkVj2cfPqSeWXv1NEAJ1qZ5zb1X6z1mFhbfOB/iy3ssJCD+3KuZ8r8C3uVFlAg==
  dependencies:
    universalify "^2.0.0"
  optionalDependencies:
    graceful-fs "^4.1.6"

playwright-core@1.55.1:
  version "1.55.1"
  resolved "https://registry.yarnpkg.com/playwright-core/-/playwright-core-1.55.1.tgz#5d3bb1846bc4289d364ea1a9dcb33f14545802e9"
  integrity sha512-Z6Mh9mkwX+zxSlHqdr5AOcJnfp+xUWLCt9uKV18fhzA8eyxUd8NUWzAjxUh55RZKSYwDGX0cfaySdhZJGMoJ+w==

playwright@^1.55.1:
  version "1.55.1"
  resolved "https://registry.yarnpkg.com/playwright/-/playwright-1.55.1.tgz#8a9954e9e61ed1ab479212af9be336888f8b3f0e"
  integrity sha512-cJW4Xd/G3v5ovXtJJ52MAOclqeac9S/aGGgRzLabuF8TnIb6xHvMzKIa6JmrRzUkeXJgfL1MhukP0NK6l39h3A==
  dependencies:
    playwright-core "1.55.1"
  optionalDependencies:
    fsevents "2.3.2"

universalify@^2.0.0:
  version "2.0.1"
  resolved "https://registry.yarnpkg.com/universalify/-/universalify-2.0.1.tgz#168efc2180964e6386d061e094df61afe239b18d"
  integrity sha512-gptHNQghINnc/vTGIk0SOFGFNXw7JVrlRUtConJRlvaw6DuX0wO5Jeko9sWrMBhh+PsYAZ7oXAiOnf/UKogyiw==
